{
  "version": "2",
  "remote": {
    "https://deno.land/std@0.191.0/fmt/colors.ts": "d67e3cd9f472535241a8e410d33423980bec45047e343577554d3356e1f0ef4e",
    "https://deno.land/std@0.191.0/testing/_diff.ts": "1a3c044aedf77647d6cac86b798c6417603361b66b54c53331b312caeb447aea",
    "https://deno.land/std@0.191.0/testing/_format.ts": "a69126e8a469009adf4cf2a50af889aca364c349797e63174884a52ff75cf4c7",
    "https://deno.land/std@0.191.0/testing/asserts.ts": "e16d98b4d73ffc4ed498d717307a12500ae4f2cbe668f1a215632d19fcffc22f",
    "https://esm.sh/v126/yaml@2.3.1/denonext/yaml.mjs": "9fcc7926d1e209ab150017431a3c3fa785917d679e306c2008cf27c49a83fc54",
    "https://esm.sh/v126/yaml@2.3.1/dist/compose/composer.d.ts": "400f9077cabfbf66769b5df49f9f319b64926b151a2048c0e56343b458d826a8",
    "https://esm.sh/v126/yaml@2.3.1/dist/doc/Document.d.ts": "584a54f626669cf60f1bc838c6665c1bc31d6541ef3ce518d4b8114248da1629",
    "https://esm.sh/v126/yaml@2.3.1/dist/doc/applyReviver.d.ts": "bc41a8e33caf4d193b0c49ec70d1e8db5ce3312eafe5447c6c1d5a2084fece12",
    "https://esm.sh/v126/yaml@2.3.1/dist/doc/createNode.d.ts": "3433dceffc606d6d71af4c7abab59a2de60617590d5511debdc593a0db68e900",
    "https://esm.sh/v126/yaml@2.3.1/dist/doc/directives.d.ts": "c6a1b78eb1a932d0e419b1faff8e2212df0b8baa4f13ce54981b84b383ac5233",
    "https://esm.sh/v126/yaml@2.3.1/dist/errors.d.ts": "90e4e670cd0d3afd7e2751fbe8768e23f916dcbae94177484d595f8b0461573b",
    "https://esm.sh/v126/yaml@2.3.1/dist/index.d.ts": "9a3697abda0f3ad142b29d9fce54bcced08ef105b57d653e1ccea5ecd82297a8",
    "https://esm.sh/v126/yaml@2.3.1/dist/log.d.ts": "7c33f11a56ba4e79efc4ddae85f8a4a888e216d2bf66c863f344d403437ffc74",
    "https://esm.sh/v126/yaml@2.3.1/dist/nodes/Alias.d.ts": "9ee36b1c25cfaaacce00fc756edc08a87831c876a025381d49eb970c8fa275d8",
    "https://esm.sh/v126/yaml@2.3.1/dist/nodes/Collection.d.ts": "e193429103a0395cc91e2362758404917bd8a93b245f8afc59c3d671f423ff77",
    "https://esm.sh/v126/yaml@2.3.1/dist/nodes/Node.d.ts": "6ddd2852d07afd0f19984761a4ee59ef63e5392f392e434e02119e44d6d8e004",
    "https://esm.sh/v126/yaml@2.3.1/dist/nodes/Pair.d.ts": "779384587f797c680cc92cd70a70f8770c6c39edb313172e4cbb07ef270485c1",
    "https://esm.sh/v126/yaml@2.3.1/dist/nodes/Scalar.d.ts": "70ac76145518a22bc792e3fcdd3d90b9885b36b9aa9d961acdef9021526814f6",
    "https://esm.sh/v126/yaml@2.3.1/dist/nodes/YAMLMap.d.ts": "b8c933ce6942faed2100e2b744d39c881957fb609826551f4d3f837ca66aa711",
    "https://esm.sh/v126/yaml@2.3.1/dist/nodes/YAMLSeq.d.ts": "ea53ae00fc7af001794e691dbbcf176928f3c454374ad21b4c6298071a69119d",
    "https://esm.sh/v126/yaml@2.3.1/dist/nodes/addPairToJSMap.d.ts": "966e0d2886bd9a6444a76f9b1aef106c69001a135bcee4c3f4348b1f24edf7dd",
    "https://esm.sh/v126/yaml@2.3.1/dist/nodes/identity.d.ts": "928893122ed810a8d46271b80ecc8a5598af350538379f6c68d149011af642a7",
    "https://esm.sh/v126/yaml@2.3.1/dist/nodes/toJS.d.ts": "cdbef2454faa0bdc4458de435ac2a70969c4153299c94903e95ace90c2ea974e",
    "https://esm.sh/v126/yaml@2.3.1/dist/options.d.ts": "3715ff389aacf7383c600297a65724c8818b895a88ceb9c89492ff9aa574f3dc",
    "https://esm.sh/v126/yaml@2.3.1/dist/parse/cst-scalar.d.ts": "0ad29b6ecd25d497e4f15c3a3ad497a5c154fc300f512c24a9bd518120ca8a76",
    "https://esm.sh/v126/yaml@2.3.1/dist/parse/cst-stringify.d.ts": "a7c556c5b78501cf01aaec381b8d2ff548f4c62488b545a6b600df59a97f39ce",
    "https://esm.sh/v126/yaml@2.3.1/dist/parse/cst-visit.d.ts": "54195e7d453755b96b54784ac2aa6a90efe0d100cc2b185c9b0ef9f64fd64cc3",
    "https://esm.sh/v126/yaml@2.3.1/dist/parse/cst.d.ts": "a50a69f2aff9d20c78f8d4287279277687ca4df845fc1462ba4f3ddf17addc6e",
    "https://esm.sh/v126/yaml@2.3.1/dist/parse/lexer.d.ts": "843563f951d16e850a0be806010f630a4a71f0a55810bb9aced67c6d7774bf2f",
    "https://esm.sh/v126/yaml@2.3.1/dist/parse/line-counter.d.ts": "3dfcd0a3bfa70b53135db3cf2e4ddcb7eccc3e4418ce833ae24eecd06928328f",
    "https://esm.sh/v126/yaml@2.3.1/dist/parse/parser.d.ts": "cbe131ff0de13cb63a7c715c630c98d2bc4a86a9316c04674ebbef12dcffa7ba",
    "https://esm.sh/v126/yaml@2.3.1/dist/public-api.d.ts": "e7891cda786cd66e81b8655da5b85894f923f7eaa0f556039f94cb5bb8126e73",
    "https://esm.sh/v126/yaml@2.3.1/dist/schema/Schema.d.ts": "2e6d11d7e6c3835fb16991ba84cac3094393b77ef2ec6ebafb38e23ca3bc5f0a",
    "https://esm.sh/v126/yaml@2.3.1/dist/schema/common/map.d.ts": "8edb9618c8abadf276a8f207419eeae6f11b28d5344d67697f13f24f255a74ac",
    "https://esm.sh/v126/yaml@2.3.1/dist/schema/common/seq.d.ts": "0575e2d54df99037b3c582d36a3e1e4b7b52f38a5644e603c78ca4b130294f91",
    "https://esm.sh/v126/yaml@2.3.1/dist/schema/common/string.d.ts": "ff1ceb61b157c7d29b81ab3e6c26f7b7b44e09cd749755073290f6d97dd50a07",
    "https://esm.sh/v126/yaml@2.3.1/dist/schema/tags.d.ts": "a4f54d92fd5d11e695b116c390bec10a5dba6500532f361bcb828660f147508d",
    "https://esm.sh/v126/yaml@2.3.1/dist/schema/types.d.ts": "7761d2549c775fc15ba700e158c434da650ce288e4f86c31f20f7db8b8178370",
    "https://esm.sh/v126/yaml@2.3.1/dist/schema/yaml-1.1/omap.d.ts": "5bd21f1d1f25f49fdd8a05e67a62a5b24c2f867b421b26ac56d53b9dc76e0bb0",
    "https://esm.sh/v126/yaml@2.3.1/dist/schema/yaml-1.1/set.d.ts": "8478bae74ede3ea89f44c18d4b0e63816f81247d8fdbaf90f13e1fe5849ae226",
    "https://esm.sh/v126/yaml@2.3.1/dist/stringify/foldFlowLines.d.ts": "e27605c8932e75b14e742558a4c3101d9f4fdd32e7e9a056b2ca83f37f973945",
    "https://esm.sh/v126/yaml@2.3.1/dist/stringify/stringify.d.ts": "072a3917da47d59f316b814da1eef512dea2f3222d03f2b4a13cef268ee6b782",
    "https://esm.sh/v126/yaml@2.3.1/dist/stringify/stringifyNumber.d.ts": "09a3cb4eaadaa34d026c9502bf5a86e05c75bfcff57034370a5fded41d8cb51e",
    "https://esm.sh/v126/yaml@2.3.1/dist/stringify/stringifyString.d.ts": "825f86b309f37643852f984ea2aa4140e2c30df46f9adff55bd17079ac3eb657",
    "https://esm.sh/v126/yaml@2.3.1/dist/util.d.ts": "8357dd6eb15e8ed674954c0f57a383bfec0c352fc0467bfd06b8f8d02ee1174c",
    "https://esm.sh/v126/yaml@2.3.1/dist/visit.d.ts": "59dab1f61682323c8c0a4b14ebc4627c1f507a720601717934facab661c365a4",
    "https://esm.sh/yaml@v2.3.1": "b25360169240c095986f53055447582cc1b008f646c213e27db61d2a8fc2c010"
  },
  "npm": {
    "specifiers": {
      "@types/node": "@types/node@18.11.18"
    },
    "packages": {
      "@types/node@18.11.18": {
        "integrity": "sha512-DHQpWGjyQKSHj3ebjFI/wRKcqQcdR+MoFBygntYOZytCqNfkd2ZC4ARDJ2DQqhjH5p85Nnd3jhUJIXrszFX/JA==",
        "dependencies": {}
      }
    }
  }
}
